
Microsoft Visual Studio Solution File, Format Version 12.00
# Visual Studio Version 16
VisualStudioVersion = 16.0.30225.117
MinimumVisualStudioVersion = 10.0.40219.1
Project("{9A19103F-16F7-4668-BE54-9A1E7A4F7556}") = "MongoMigration", "MongoMigration\MongoMigration.csproj", "{E9D4A496-6554-428D-986A-9882C987A8AC}"
EndProject
Project("{9A19103F-16F7-4668-BE54-9A1E7A4F7556}") = "WebApplication", "WebApplication\WebApplication.csproj", "{3E2470F2-4E96-4B68-BDC1-A0E61875EE88}"
EndProject
Project("{FAE04EC0-301F-11D3-BF4B-00C04F79EFBC}") = "Tests", "Tests\Tests.csproj", "{15A11DC6-D54C-46BF-975B-AF84BFDC6B69}"
EndProject
Project("{FAE04EC0-301F-11D3-BF4B-00C04F79EFBC}") = "TestMigration001", "TestMigration001\TestMigration001.csproj", "{6E72998A-60C0-4360-8632-057C926B032C}"
EndProject
Global
	GlobalSection(SolutionConfigurationPlatforms) = preSolution
		Debug|Any CPU = Debug|Any CPU
		Release|Any CPU = Release|Any CPU
	EndGlobalSection
	GlobalSection(ProjectConfigurationPlatforms) = postSolution
		{E9D4A496-6554-428D-986A-9882C987A8AC}.Debug|Any CPU.ActiveCfg = Debug|Any CPU
		{E9D4A496-6554-428D-986A-9882C987A8AC}.Debug|Any CPU.Build.0 = Debug|Any CPU
		{E9D4A496-6554-428D-986A-9882C987A8AC}.Release|Any CPU.ActiveCfg = Release|Any CPU
		{E9D4A496-6554-428D-986A-9882C987A8AC}.Release|Any CPU.Build.0 = Release|Any CPU
		{3E2470F2-4E96-4B68-BDC1-A0E61875EE88}.Debug|Any CPU.ActiveCfg = Debug|Any CPU
		{3E2470F2-4E96-4B68-BDC1-A0E61875EE88}.Debug|Any CPU.Build.0 = Debug|Any CPU
		{3E2470F2-4E96-4B68-BDC1-A0E61875EE88}.Release|Any CPU.ActiveCfg = Release|Any CPU
		{3E2470F2-4E96-4B68-BDC1-A0E61875EE88}.Release|Any CPU.Build.0 = Release|Any CPU
		{15A11DC6-D54C-46BF-975B-AF84BFDC6B69}.Debug|Any CPU.ActiveCfg = Debug|Any CPU
		{15A11DC6-D54C-46BF-975B-AF84BFDC6B69}.Debug|Any CPU.Build.0 = Debug|Any CPU
		{15A11DC6-D54C-46BF-975B-AF84BFDC6B69}.Release|Any CPU.ActiveCfg = Release|Any CPU
		{15A11DC6-D54C-46BF-975B-AF84BFDC6B69}.Release|Any CPU.Build.0 = Release|Any CPU
		{6E72998A-60C0-4360-8632-057C926B032C}.Debug|Any CPU.ActiveCfg = Debug|Any CPU
		{6E72998A-60C0-4360-8632-057C926B032C}.Debug|Any CPU.Build.0 = Debug|Any CPU
		{6E72998A-60C0-4360-8632-057C926B032C}.Release|Any CPU.ActiveCfg = Release|Any CPU
		{6E72998A-60C0-4360-8632-057C926B032C}.Release|Any CPU.Build.0 = Release|Any CPU
	EndGlobalSection
	GlobalSection(SolutionProperties) = preSolution
		HideSolutionNode = FALSE
	EndGlobalSection
	GlobalSection(ExtensibilityGlobals) = postSolution
		SolutionGuid = {7EB08B02-0666-4CB2-A85A-55F7F8D5CE33}
	EndGlobalSection
EndGlobal
